
Microsoft Visual Studio Solution File, Format Version 12.00
# Visual Studio 14
VisualStudioVersion = 14.0.25420.1
MinimumVisualStudioVersion = 10.0.40219.1
Project("{FAE04EC0-301F-11D3-BF4B-00C04F79EFBC}") = "DevelopmentTransferUtility", "DevelopmentTransferUtility\DevelopmentTransferUtility.csproj", "{4420EBD0-53BF-4AFD-A596-3EC3DA0592EE}"
EndProject
Project("{2150E333-8FDC-42A3-9474-1A3956D46DE8}") = "src", "src", "{5BF8B81E-7026-480D-A69C-1DBB8EE285CA}"
EndProject
Global
	GlobalSection(SolutionConfigurationPlatforms) = preSolution
		Debug|Any CPU = Debug|Any CPU
		Release|Any CPU = Release|Any CPU
	EndGlobalSection
	GlobalSection(ProjectConfigurationPlatforms) = postSolution
		{4420EBD0-53BF-4AFD-A596-3EC3DA0592EE}.Debug|Any CPU.ActiveCfg = Debug|Any CPU
		{4420EBD0-53BF-4AFD-A596-3EC3DA0592EE}.Debug|Any CPU.Build.0 = Debug|Any CPU
		{4420EBD0-53BF-4AFD-A596-3EC3DA0592EE}.Release|Any CPU.ActiveCfg = Release|Any CPU
		{4420EBD0-53BF-4AFD-A596-3EC3DA0592EE}.Release|Any CPU.Build.0 = Release|Any CPU
	EndGlobalSection
	GlobalSection(SolutionProperties) = preSolution
		HideSolutionNode = FALSE
	EndGlobalSection
	GlobalSection(NestedProjects) = preSolution
		{4420EBD0-53BF-4AFD-A596-3EC3DA0592EE} = {5BF8B81E-7026-480D-A69C-1DBB8EE285CA}
	EndGlobalSection
	GlobalSection(ExtensibilityGlobals) = postSolution
		EnterpriseLibraryConfigurationToolBinariesPathV6 = packages\EnterpriseLibrary.Common.6.0.1304.0\lib\NET45;packages\EnterpriseLibrary.Logging.6.0.1304.0\lib\NET45;packages\EnterpriseLibrary.ExceptionHandling.6.0.1304.0\lib\NET45
	EndGlobalSection
	GlobalSection(TeamFoundationVersionControl) = preSolution
		SccNumberOfProjects = 2
		SccEnterpriseProvider = {4CA58AB2-18FA-4F8D-95D4-32DDF27D184C}
		SccTeamFoundationServer = http://oprtfs:8080/tfs/defaultcollection
		SccLocalPath0 = .
		SccProjectUniqueName1 = DevelopmentTransferUtility\\DevelopmentTransferUtility.csproj
		SccProjectTopLevelParentUniqueName1 = ISBVersionControlSystem.sln
		SccProjectName1 = DevelopmentTransferUtility
		SccLocalPath1 = DevelopmentTransferUtility
	EndGlobalSection
EndGlobal
